Microsoft Visual Studio Solution File, Format Version 11.00
# Visual Studio 2008

Project("{957BCC8A-E65C-EF8A-3FD1-E0C0CCEF2454}") = "Broken Pipes", "Assembly-CSharp.csproj", "{BAD8E488-63C2-C650-A430-12B70F881405}"
EndProject
Global
	GlobalSection(SolutionConfigurationPlatforms) = preSolution
		Debug|Any CPU = Debug|Any CPU
		Release|Any CPU = Release|Any CPU
	EndGlobalSection
	GlobalSection(ProjectConfigurationPlatforms) = postSolution
		{BAD8E488-63C2-C650-A430-12B70F881405}.Debug|Any CPU.ActiveCfg = Debug|Any CPU
		{BAD8E488-63C2-C650-A430-12B70F881405}.Debug|Any CPU.Build.0 = Debug|Any CPU
		{BAD8E488-63C2-C650-A430-12B70F881405}.Release|Any CPU.ActiveCfg = Release|Any CPU
		{BAD8E488-63C2-C650-A430-12B70F881405}.Release|Any CPU.Build.0 = Release|Any CPU
	EndGlobalSection
	GlobalSection(SolutionProperties) = preSolution
		HideSolutionNode = FALSE
	EndGlobalSection
	GlobalSection(MonoDevelopProperties) = preSolution
		StartupItem = Assembly-CSharp.csproj
	EndGlobalSection
EndGlobal
